
Microsoft Visual Studio Solution File, Format Version 12.00
# Visual Studio Version 16
VisualStudioVersion = 16.0.30320.27
MinimumVisualStudioVersion = 10.0.40219.1
Project("{FAE04EC0-301F-11D3-BF4B-00C04F79EFBC}") = "GATFramegrabber", "GAT Framegrabber\GATFramegrabber.csproj", "{E24A2D98-544D-436A-AA83-DD1480891FAF}"
EndProject
Project("{FAE04EC0-301F-11D3-BF4B-00C04F79EFBC}") = "PLCData", "PLCData\PLCData.csproj", "{195DCC33-DF4A-43DF-9A82-6A7AC21ABE24}"
EndProject
Global
	GlobalSection(SolutionConfigurationPlatforms) = preSolution
		Debug|Any CPU = Debug|Any CPU
		Release|Any CPU = Release|Any CPU
	EndGlobalSection
	GlobalSection(ProjectConfigurationPlatforms) = postSolution
		{E24A2D98-544D-436A-AA83-DD1480891FAF}.Debug|Any CPU.ActiveCfg = Debug|Any CPU
		{E24A2D98-544D-436A-AA83-DD1480891FAF}.Debug|Any CPU.Build.0 = Debug|Any CPU
		{E24A2D98-544D-436A-AA83-DD1480891FAF}.Release|Any CPU.ActiveCfg = Release|Any CPU
		{E24A2D98-544D-436A-AA83-DD1480891FAF}.Release|Any CPU.Build.0 = Release|Any CPU
		{195DCC33-DF4A-43DF-9A82-6A7AC21ABE24}.Debug|Any CPU.ActiveCfg = Debug|Any CPU
		{195DCC33-DF4A-43DF-9A82-6A7AC21ABE24}.Debug|Any CPU.Build.0 = Debug|Any CPU
		{195DCC33-DF4A-43DF-9A82-6A7AC21ABE24}.Release|Any CPU.ActiveCfg = Release|Any CPU
		{195DCC33-DF4A-43DF-9A82-6A7AC21ABE24}.Release|Any CPU.Build.0 = Release|Any CPU
	EndGlobalSection
	GlobalSection(SolutionProperties) = preSolution
		HideSolutionNode = FALSE
	EndGlobalSection
	GlobalSection(ExtensibilityGlobals) = postSolution
		SolutionGuid = {B2EB3450-4541-4C27-B79C-E59E39BDF55F}
	EndGlobalSection
EndGlobal
